{
  "name": "Nata-Mendes",
  "lockfileVersion": 2,
  "requires": true,
  "packages": {
    "": {
      "dependencies": {
        "react-card-list": "^1.0.4"
      }
    },
    "node_modules/flipsnap": {
      "version": "0.6.3",
      "resolved": "https://registry.npmjs.org/flipsnap/-/flipsnap-0.6.3.tgz",
      "integrity": "sha1-VLJgPrEdBUMz4MGvufFz14utoRo="
    },
    "node_modules/react-card-list": {
      "version": "1.0.4",
      "resolved": "https://registry.npmjs.org/react-card-list/-/react-card-list-1.0.4.tgz",
      "integrity": "sha1-MDzE2dwYwX5pMz1qW1gWM1Ct3RI=",
      "dependencies": {
        "flipsnap": "^0.6.3"
      }
    }
  },
  "dependencies": {
    "flipsnap": {
      "version": "0.6.3",
      "resolved": "https://registry.npmjs.org/flipsnap/-/flipsnap-0.6.3.tgz",
      "integrity": "sha1-VLJgPrEdBUMz4MGvufFz14utoRo="
    },
    "react-card-list": {
      "version": "1.0.4",
      "resolved": "https://registry.npmjs.org/react-card-list/-/react-card-list-1.0.4.tgz",
      "integrity": "sha1-MDzE2dwYwX5pMz1qW1gWM1Ct3RI=",
      "requires": {
        "flipsnap": "^0.6.3"
      }
    }
  }
}
